github.com/ddkwork/golibrary v0.0.0-20240712101659-3e8e94c302a5 h1:6rn0icpHmhadXBtu+NHAcixdzTWLeMrlVXOD9SsmVwQ=
github.com/ddkwork/golibrary v0.0.0-20240712101659-3e8e94c302a5/go.mod h1:OkAuwYE7f9YhHNged3ZYaNPGYuDZWUIvHOgpe+viFXc=
github.com/ddkwork/golibrary v0.0.0-20240717084633-72ca3d8ddfec h1:L9/Z3A656qlz8tVXaMk2WymCruBISy5cg5orRcI1Jbk=
github.com/ddkwork/golibrary v0.0.0-20240717084633-72ca3d8ddfec/go.mod h1:OkAuwYE7f9YhHNged3ZYaNPGYuDZWUIvHOgpe+viFXc=
github.com/ddkwork/golibrary v0.0.0-20240719073941-9070f73125b4 h1:dAgvibAbx5d1SEwZc/lXRNlAorMxwVA3ERrdvJFVzOw=
github.com/ddkwork/golibrary v0.0.0-20240719073941-9070f73125b4/go.mod h1:OkAuwYE7f9YhHNged3ZYaNPGYuDZWUIvHOgpe+viFXc=
